{
  "name": "BISP",
  "lockfileVersion": 2,
  "requires": true,
  "packages": {
    "": {
      "dependencies": {
        "lucide": "^0.484.0"
      }
    },
    "node_modules/lucide": {
      "version": "0.484.0",
      "resolved": "https://registry.npmjs.org/lucide/-/lucide-0.484.0.tgz",
      "integrity": "sha512-GpDcrcHyPVqxp8xWL4UHDLtUUHvrqxLtR4YVq8lK/vVxaGAtp+MmL0WXPFyRlX4Cn+uOHnHYPOt3pjROdE+XPw=="
    }
  },
  "dependencies": {
    "lucide": {
      "version": "0.484.0",
      "resolved": "https://registry.npmjs.org/lucide/-/lucide-0.484.0.tgz",
      "integrity": "sha512-GpDcrcHyPVqxp8xWL4UHDLtUUHvrqxLtR4YVq8lK/vVxaGAtp+MmL0WXPFyRlX4Cn+uOHnHYPOt3pjROdE+XPw=="
    }
  }
}
